// !$*UTF8*$!
{
	archiveVersion = 1;
	classes = {
	};
	objectVersion = 46;
	objects = {

/* Begin PBXBuildFile section */
		CF36B42A1EB4587000E96A55 /* main.m in Sources */ = {isa = PBXBuildFile; fileRef = CF36B4291EB4587000E96A55 /* main.m */; };
		CF36B42D1EB4587000E96A55 /* AppDelegate.m in Sources */ = {isa = PBXBuildFile; fileRef = CF36B42C1EB4587000E96A55 /* AppDelegate.m */; };
		CF36B4301EB4587000E96A55 /* ViewController.m in Sources */ = {isa = PBXBuildFile; fileRef = CF36B42F1EB4587000E96A55 /* ViewController.m */; };
		CF36B4331EB4587000E96A55 /* Main.storyboard in Resources */ = {isa = PBXBuildFile; fileRef = CF36B4311EB4587000E96A55 /* Main.storyboard */; };
		CF36B4351EB4587000E96A55 /* Assets.xcassets in Resources */ = {isa = PBXBuildFile; fileRef = CF36B4341EB4587000E96A55 /* Assets.xcassets */; };
		CF36B4381EB4587000E96A55 /* LaunchScreen.storyboard in Resources */ = {isa = PBXBuildFile; fileRef = CF36B4361EB4587000E96A55 /* LaunchScreen.storyboard */; };
		CF36B4431EB4587000E96A55 /* TestConstraintTests.m in Sources */ = {isa = PBXBuildFile; fileRef = CF36B4421EB4587000E96A55 /* TestConstraintTests.m */; };
		CF36B44E1EB4587000E96A55 /* TestConstraintUITests.m in Sources */ = {isa = PBXBuildFile; fileRef = CF36B44D1EB4587000E96A55 /* TestConstraintUITests.m */; };
/* End PBXBuildFile section */

/* Begin PBXContainerItemProxy section */
		CF36B43F1EB4587000E96A55 /* PBXContainerItemProxy */ = {
			isa = PBXContainerItemProxy;
			containerPortal = CF36B41D1EB4587000E96A55 /* Project object */;
			proxyType = 1;
			remoteGlobalIDString = CF36B4241EB4587000E96A55;
			remoteInfo = TestConstraint;
		};
		CF36B44A1EB4587000E96A55 /* PBXContainerItemProxy */ = {
			isa = PBXContainerItemProxy;
			containerPortal = CF36B41D1EB4587000E96A55 /* Project object */;
			proxyType = 1;
			remoteGlobalIDString = CF36B4241EB4587000E96A55;
			remoteInfo = TestConstraint;
		};
/* End PBXContainerItemProxy section */

/* Begin PBXFileReference section */
		CF36B4251EB4587000E96A55 /* TestConstraint.app */ = {isa = PBXFileReference; explicitFileType = wrapper.application; includeInIndex = 0; path = TestConstraint.app; sourceTree = BUILT_PRODUCTS_DIR; };
		CF36B4291EB4587000E96A55 /* main.m */ = {isa = PBXFileReference; lastKnownFileType = sourcecode.c.objc; path = main.m; sourceTree = "<group>"; };
		CF36B42B1EB4587000E96A55 /* AppDelegate.h */ = {isa = PBXFileReference; lastKnownFileType = sourcecode.c.h; path = AppDelegate.h; sourceTree = "<group>"; };
		CF36B42C1EB4587000E96A55 /* AppDelegate.m */ = {isa = PBXFileReference; lastKnownFileType = sourcecode.c.objc; path = AppDelegate.m; sourceTree = "<group>"; };
		CF36B42E1EB4587000E96A55 /* ViewController.h */ = {isa = PBXFileReference; lastKnownFileType = sourcecode.c.h; path = ViewController.h; sourceTree = "<group>"; };
		CF36B42F1EB4587000E96A55 /* ViewController.m */ = {isa = PBXFileReference; lastKnownFileType = sourcecode.c.objc; path = ViewController.m; sourceTree = "<group>"; };
		CF36B4321EB4587000E96A55 /* Base */ = {isa = PBXFileReference; lastKnownFileType = file.storyboard; name = Base; path = Base.lproj/Main.storyboard; sourceTree = "<group>"; };
		CF36B4341EB4587000E96A55 /* Assets.xcassets */ = {isa = PBXFileReference; lastKnownFileType = folder.assetcatalog; path = Assets.xcassets; sourceTree = "<group>"; };
		CF36B4371EB4587000E96A55 /* Base */ = {isa = PBXFileReference; lastKnownFileType = file.storyboard; name = Base; path = Base.lproj/LaunchScreen.storyboard; sourceTree = "<group>"; };
		CF36B4391EB4587000E96A55 /* Info.plist */ = {isa = PBXFileReference; lastKnownFileType = text.plist.xml; path = Info.plist; sourceTree = "<group>"; };
		CF36B43E1EB4587000E96A55 /* TestConstraintTests.xctest */ = {isa = PBXFileReference; explicitFileType = wrapper.cfbundle; includeInIndex = 0; path = TestConstraintTests.xctest; sourceTree = BUILT_PRODUCTS_DIR; };
		CF36B4421EB4587000E96A55 /* TestConstraintTests.m */ = {isa = PBXFileReference; lastKnownFileType = sourcecode.c.objc; path = TestConstraintTests.m; sourceTree = "<group>"; };
		CF36B4441EB4587000E96A55 /* Info.plist */ = {isa = PBXFileReference; lastKnownFileType = text.plist.xml; path = Info.plist; sourceTree = "<group>"; };
		CF36B4491EB4587000E96A55 /* TestConstraintUITests.xctest */ = {isa = PBXFileReference; explicitFileType = wrapper.cfbundle; includeInIndex = 0; path = TestConstraintUITests.xctest; sourceTree = BUILT_PRODUCTS_DIR; };
		CF36B44D1EB4587000E96A55 /* TestConstraintUITests.m */ = {isa = PBXFileReference; lastKnownFileType = sourcecode.c.objc; path = TestConstraintUITests.m; sourceTree = "<group>"; };
		CF36B44F1EB4587000E96A55 /* Info.plist */ = {isa = PBXFileReference; lastKnownFileType = text.plist.xml; path = Info.plist; sourceTree = "<group>"; };
/* End PBXFileReference section */

/* Begin PBXFrameworksBuildPhase section */
		CF36B4221EB4587000E96A55 /* Frameworks */ = {
			isa = PBXFrameworksBuildPhase;
			buildActionMask = 2147483647;
			files = (
			);
			runOnlyForDeploymentPostprocessing = 0;
		};
		CF36B43B1EB4587000E96A55 /* Frameworks */ = {
			isa = PBXFrameworksBuildPhase;
			buildActionMask = 2147483647;
			files = (
			);
			runOnlyForDeploymentPostprocessing = 0;
		};
		CF36B4461EB4587000E96A55 /* Frameworks */ = {
			isa = PBXFrameworksBuildPhase;
			buildActionMask = 2147483647;
			files = (
			);
			runOnlyForDeploymentPostprocessing = 0;
		};
/* End PBXFrameworksBuildPhase section */

/* Begin PBXGroup section */
		CF36B41C1EB4587000E96A55 = {
			isa = PBXGroup;
			children = (
				CF36B4271EB4587000E96A55 /* TestConstraint */,
				CF36B4411EB4587000E96A55 /* TestConstraintTests */,
				CF36B44C1EB4587000E96A55 /* TestConstraintUITests */,
				CF36B4261EB4587000E96A55 /* Products */,
			);
			sourceTree = "<group>";
		};
		CF36B4261EB4587000E96A55 /* Products */ = {
			isa = PBXGroup;
			children = (
				CF36B4251EB4587000E96A55 /* TestConstraint.app */,
				CF36B43E1EB4587000E96A55 /* TestConstraintTests.xctest */,
				CF36B4491EB4587000E96A55 /* TestConstraintUITests.xctest */,
			);
			name = Products;
			sourceTree = "<group>";
		};
		CF36B4271EB4587000E96A55 /* TestConstraint */ = {
			isa = PBXGroup;
			children = (
				CF36B42B1EB4587000E96A55 /* AppDelegate.h */,
				CF36B42C1EB4587000E96A55 /* AppDelegate.m */,
				CF36B42E1EB4587000E96A55 /* ViewController.h */,
				CF36B42F1EB4587000E96A55 /* ViewController.m */,
				CF36B4311EB4587000E96A55 /* Main.storyboard */,
				CF36B4341EB4587000E96A55 /* Assets.xcassets */,
				CF36B4361EB4587000E96A55 /* LaunchScreen.storyboard */,
				CF36B4391EB4587000E96A55 /* Info.plist */,
				CF36B4281EB4587000E96A55 /* Supporting Files */,
			);
			path = TestConstraint;
			sourceTree = "<group>";
		};
		CF36B4281EB4587000E96A55 /* Supporting Files */ = {
			isa = PBXGroup;
			children = (
				CF36B4291EB4587000E96A55 /* main.m */,
			);
			name = "Supporting Files";
			sourceTree = "<group>";
		};
		CF36B4411EB4587000E96A55 /* TestConstraintTests */ = {
			isa = PBXGroup;
			children = (
				CF36B4421EB4587000E96A55 /* TestConstraintTests.m */,
				CF36B4441EB4587000E96A55 /* Info.plist */,
			);
			path = TestConstraintTests;
			sourceTree = "<group>";
		};
		CF36B44C1EB4587000E96A55 /* TestConstraintUITests */ = {
			isa = PBXGroup;
			children = (
				CF36B44D1EB4587000E96A55 /* TestConstraintUITests.m */,
				CF36B44F1EB4587000E96A55 /* Info.plist */,
			);
			path = TestConstraintUITests;
			sourceTree = "<group>";
		};
/* End PBXGroup section */

/* Begin PBXNativeTarget section */
		CF36B4241EB4587000E96A55 /* TestConstraint */ = {
			isa = PBXNativeTarget;
			buildConfigurationList = CF36B4521EB4587000E96A55 /* Build configuration list for PBXNativeTarget "TestConstraint" */;
			buildPhases = (
				CF36B4211EB4587000E96A55 /* Sources */,
				CF36B4221EB4587000E96A55 /* Frameworks */,
				CF36B4231EB4587000E96A55 /* Resources */,
			);
			buildRules = (
			);
			dependencies = (
			);
			name = TestConstraint;
			productName = TestConstraint;
			productReference = CF36B4251EB4587000E96A55 /* TestConstraint.app */;
			productType = "com.apple.product-type.application";
		};
		CF36B43D1EB4587000E96A55 /* TestConstraintTests */ = {
			isa = PBXNativeTarget;
			buildConfigurationList = CF36B4551EB4587000E96A55 /* Build configuration list for PBXNativeTarget "TestConstraintTests" */;
			buildPhases = (
				CF36B43A1EB4587000E96A55 /* Sources */,
				CF36B43B1EB4587000E96A55 /* Frameworks */,
				CF36B43C1EB4587000E96A55 /* Resources */,
			);
			buildRules = (
			);
			dependencies = (
				CF36B4401EB4587000E96A55 /* PBXTargetDependency */,
			);
			name = TestConstraintTests;
			productName = TestConstraintTests;
			productReference = CF36B43E1EB4587000E96A55 /* TestConstraintTests.xctest */;
			productType = "com.apple.product-type.bundle.unit-test";
		};
		CF36B4481EB4587000E96A55 /* TestConstraintUITests */ = {
			isa = PBXNativeTarget;
			buildConfigurationList = CF36B4581EB4587000E96A55 /* Build configuration list for PBXNativeTarget "TestConstraintUITests" */;
			buildPhases = (
				CF36B4451EB4587000E96A55 /* Sources */,
				CF36B4461EB4587000E96A55 /* Frameworks */,
				CF36B4471EB4587000E96A55 /* Resources */,
			);
			buildRules = (
			);
			dependencies = (
				CF36B44B1EB4587000E96A55 /* PBXTargetDependency */,
			);
			name = TestConstraintUITests;
			productName = TestConstraintUITests;
			productReference = CF36B4491EB4587000E96A55 /* TestConstraintUITests.xctest */;
			productType = "com.apple.product-type.bundle.ui-testing";
		};
/* End PBXNativeTarget section */

/* Begin PBXProject section */
		CF36B41D1EB4587000E96A55 /* Project object */ = {
			isa = PBXProject;
			attributes = {
				LastUpgradeCheck = 0830;
				ORGANIZATIONNAME = tomfriwel;
				TargetAttributes = {
					CF36B4241EB4587000E96A55 = {
						CreatedOnToolsVersion = 8.3;
						DevelopmentTeam = T5EW9858SB;
						ProvisioningStyle = Automatic;
					};
					CF36B43D1EB4587000E96A55 = {
						CreatedOnToolsVersion = 8.3;
						DevelopmentTeam = T5EW9858SB;
						ProvisioningStyle = Automatic;
						TestTargetID = CF36B4241EB4587000E96A55;
					};
					CF36B4481EB4587000E96A55 = {
						CreatedOnToolsVersion = 8.3;
						DevelopmentTeam = T5EW9858SB;
						ProvisioningStyle = Automatic;
						TestTargetID = CF36B4241EB4587000E96A55;
					};
				};
			};
			buildConfigurationList = CF36B4201EB4587000E96A55 /* Build configuration list for PBXProject "TestConstraint" */;
			compatibilityVersion = "Xcode 3.2";
			developmentRegion = English;
			hasScannedForEncodings = 0;
			knownRegions = (
				en,
				Base,
			);
			mainGroup = CF36B41C1EB4587000E96A55;
			productRefGroup = CF36B4261EB4587000E96A55 /* Products */;
			projectDirPath = "";
			projectRoot = "";
			targets = (
				CF36B4241EB4587000E96A55 /* TestConstraint */,
				CF36B43D1EB4587000E96A55 /* TestConstraintTests */,
				CF36B4481EB4587000E96A55 /* TestConstraintUITests */,
			);
		};
/* End PBXProject section */

/* Begin PBXResourcesBuildPhase section */
		CF36B4231EB4587000E96A55 /* Resources */ = {
			isa = PBXResourcesBuildPhase;
			buildActionMask = 2147483647;
			files = (
				CF36B4381EB4587000E96A55 /* LaunchScreen.storyboard in Resources */,
				CF36B4351EB4587000E96A55 /* Assets.xcassets in Resources */,
				CF36B4331EB4587000E96A55 /* Main.storyboard in Resources */,
			);
			runOnlyForDeploymentPostprocessing = 0;
		};
		CF36B43C1EB4587000E96A55 /* Resources */ = {
			isa = PBXResourcesBuildPhase;
			buildActionMask = 2147483647;
			files = (
			);
			runOnlyForDeploymentPostprocessing = 0;
		};
		CF36B4471EB4587000E96A55 /* Resources */ = {
			isa = PBXResourcesBuildPhase;
			buildActionMask = 2147483647;
			files = (
			);
			runOnlyForDeploymentPostprocessing = 0;
		};
/* End PBXResourcesBuildPhase section */

/* Begin PBXSourcesBuildPhase section */
		CF36B4211EB4587000E96A55 /* Sources */ = {
			isa = PBXSourcesBuildPhase;
			buildActionMask = 2147483647;
			files = (
				CF36B4301EB4587000E96A55 /* ViewController.m in Sources */,
				CF36B42D1EB4587000E96A55 /* AppDelegate.m in Sources */,
				CF36B42A1EB4587000E96A55 /* main.m in Sources */,
			);
			runOnlyForDeploymentPostprocessing = 0;
		};
		CF36B43A1EB4587000E96A55 /* Sources */ = {
			isa = PBXSourcesBuildPhase;
			buildActionMask = 2147483647;
			files = (
				CF36B4431EB4587000E96A55 /* TestConstraintTests.m in Sources */,
			);
			runOnlyForDeploymentPostprocessing = 0;
		};
		CF36B4451EB4587000E96A55 /* Sources */ = {
			isa = PBXSourcesBuildPhase;
			buildActionMask = 2147483647;
			files = (
				CF36B44E1EB4587000E96A55 /* TestConstraintUITests.m in Sources */,
			);
			runOnlyForDeploymentPostprocessing = 0;
		};
/* End PBXSourcesBuildPhase section */

/* Begin PBXTargetDependency section */
		CF36B4401EB4587000E96A55 /* PBXTargetDependency */ = {
			isa = PBXTargetDependency;
			target = CF36B4241EB4587000E96A55 /* TestConstraint */;
			targetProxy = CF36B43F1EB4587000E96A55 /* PBXContainerItemProxy */;
		};
		CF36B44B1EB4587000E96A55 /* PBXTargetDependency */ = {
			isa = PBXTargetDependency;
			target = CF36B4241EB4587000E96A55 /* TestConstraint */;
			targetProxy = CF36B44A1EB4587000E96A55 /* PBXContainerItemProxy */;
		};
/* End PBXTargetDependency section */

/* Begin PBXVariantGroup section */
		CF36B4311EB4587000E96A55 /* Main.storyboard */ = {
			isa = PBXVariantGroup;
			children = (
				CF36B4321EB4587000E96A55 /* Base */,
			);
			name = Main.storyboard;
			sourceTree = "<group>";
		};
		CF36B4361EB4587000E96A55 /* LaunchScreen.storyboard */ = {
			isa = PBXVariantGroup;
			children = (
				CF36B4371EB4587000E96A55 /* Base */,
			);
			name = LaunchScreen.storyboard;
			sourceTree = "<group>";
		};
/* End PBXVariantGroup section */

/* Begin XCBuildConfiguration section */
		CF36B4501EB4587000E96A55 /* Debug */ = {
			isa = XCBuildConfiguration;
			buildSettings = {
				ALWAYS_SEARCH_USER_PATHS = NO;
				CLANG_ANALYZER_NONNULL = YES;
				CLANG_ANALYZER_NUMBER_OBJECT_CONVERSION = YES_AGGRESSIVE;
				CLANG_CXX_LANGUAGE_STANDARD = "gnu++0x";
				CLANG_CXX_LIBRARY = "libc++";
				CLANG_ENABLE_MODULES = YES;
				CLANG_ENABLE_OBJC_ARC = YES;
				CLANG_WARN_BOOL_CONVERSION = YES;
				CLANG_WARN_CONSTANT_CONVERSION = YES;
				CLANG_WARN_DIRECT_OBJC_ISA_USAGE = YES_ERROR;
				CLANG_WARN_DOCUMENTATION_COMMENTS = YES;
				CLANG_WARN_EMPTY_BODY = YES;
				CLANG_WARN_ENUM_CONVERSION = YES;
				CLANG_WARN_INFINITE_RECURSION = YES;
				CLANG_WARN_INT_CONVERSION = YES;
				CLANG_WARN_OBJC_ROOT_CLASS = YES_ERROR;
				CLANG_WARN_SUSPICIOUS_MOVE = YES;
				CLANG_WARN_UNREACHABLE_CODE = YES;
				CLANG_WARN__DUPLICATE_METHOD_MATCH = YES;
				"CODE_SIGN_IDENTITY[sdk=iphoneos*]" = "iPhone Developer";
				COPY_PHASE_STRIP = NO;
				DEBUG_INFORMATION_FORMAT = dwarf;
				ENABLE_STRICT_OBJC_MSGSEND = YES;
				ENABLE_TESTABILITY = YES;
				GCC_C_LANGUAGE_STANDARD = gnu99;
				GCC_DYNAMIC_NO_PIC = NO;
				GCC_NO_COMMON_BLOCKS = YES;
				GCC_OPTIMIZATION_LEVEL = 0;
				GCC_PREPROCESSOR_DEFINITIONS = (
					"DEBUG=1",
					"$(inherited)",
				);
				GCC_WARN_64_TO_32_BIT_CONVERSION = YES;
				GCC_WARN_ABOUT_RETURN_TYPE = YES_ERROR;
				GCC_WARN_UNDECLARED_SELECTOR = YES;
				GCC_WARN_UNINITIALIZED_AUTOS = YES_AGGRESSIVE;
				GCC_WARN_UNUSED_FUNCTION = YES;
				GCC_WARN_UNUSED_VARIABLE = YES;
				IPHONEOS_DEPLOYMENT_TARGET = 10.3;
				MTL_ENABLE_DEBUG_INFO = YES;
				ONLY_ACTIVE_ARCH = YES;
				SDKROOT = iphoneos;
			};
			name = Debug;
		};
		CF36B4511EB4587000E96A55 /* Release */ = {
			isa = XCBuildConfiguration;
			buildSettings = {
				ALWAYS_SEARCH_USER_PATHS = NO;
				CLANG_ANALYZER_NONNULL = YES;
				CLANG_ANALYZER_NUMBER_OBJECT_CONVERSION = YES_AGGRESSIVE;
				CLANG_CXX_LANGUAGE_STANDARD = "gnu++0x";
				CLANG_CXX_LIBRARY = "libc++";
				CLANG_ENABLE_MODULES = YES;
				CLANG_ENABLE_OBJC_ARC = YES;
				CLANG_WARN_BOOL_CONVERSION = YES;
				CLANG_WARN_CONSTANT_CONVERSION = YES;
				CLANG_WARN_DIRECT_OBJC_ISA_USAGE = YES_ERROR;
				CLANG_WARN_DOCUMENTATION_COMMENTS = YES;
				CLANG_WARN_EMPTY_BODY = YES;
				CLANG_WARN_ENUM_CONVERSION = YES;
				CLANG_WARN_INFINITE_RECURSION = YES;
				CLANG_WARN_INT_CONVERSION = YES;
				CLANG_WARN_OBJC_ROOT_CLASS = YES_ERROR;
				CLANG_WARN_SUSPICIOUS_MOVE = YES;
				CLANG_WARN_UNREACHABLE_CODE = YES;
				CLANG_WARN__DUPLICATE_METHOD_MATCH = YES;
				"CODE_SIGN_IDENTITY[sdk=iphoneos*]" = "iPhone Developer";
				COPY_PHASE_STRIP = NO;
				DEBUG_INFORMATION_FORMAT = "dwarf-with-dsym";
				ENABLE_NS_ASSERTIONS = NO;
				ENABLE_STRICT_OBJC_MSGSEND = YES;
				GCC_C_LANGUAGE_STANDARD = gnu99;
				GCC_NO_COMMON_BLOCKS = YES;
				GCC_WARN_64_TO_32_BIT_CONVERSION = YES;
				GCC_WARN_ABOUT_RETURN_TYPE = YES_ERROR;
				GCC_WARN_UNDECLARED_SELECTOR = YES;
				GCC_WARN_UNINITIALIZED_AUTOS = YES_AGGRESSIVE;
				GCC_WARN_UNUSED_FUNCTION = YES;
				GCC_WARN_UNUSED_VARIABLE = YES;
				IPHONEOS_DEPLOYMENT_TARGET = 10.3;
				MTL_ENABLE_DEBUG_INFO = NO;
				SDKROOT = iphoneos;
				VALIDATE_PRODUCT = YES;
			};
			name = Release;
		};
		CF36B4531EB4587000E96A55 /* Debug */ = {
			isa = XCBuildConfiguration;
			buildSettings = {
				ASSETCATALOG_COMPILER_APPICON_NAME = AppIcon;
				DEVELOPMENT_TEAM = T5EW9858SB;
				INFOPLIST_FILE = TestConstraint/Info.plist;
				LD_RUNPATH_SEARCH_PATHS = "$(inherited) @executable_path/Frameworks";
				PRODUCT_BUNDLE_IDENTIFIER = tomfriwel.com.TestConstraint;
				PRODUCT_NAME = "$(TARGET_NAME)";
			};
			name = Debug;
		};
		CF36B4541EB4587000E96A55 /* Release */ = {
			isa = XCBuildConfiguration;
			buildSettings = {
				ASSETCATALOG_COMPILER_APPICON_NAME = AppIcon;
				DEVELOPMENT_TEAM = T5EW9858SB;
				INFOPLIST_FILE = TestConstraint/Info.plist;
				LD_RUNPATH_SEARCH_PATHS = "$(inherited) @executable_path/Frameworks";
				PRODUCT_BUNDLE_IDENTIFIER = tomfriwel.com.TestConstraint;
				PRODUCT_NAME = "$(TARGET_NAME)";
			};
			name = Release;
		};
		CF36B4561EB4587000E96A55 /* Debug */ = {
			isa = XCBuildConfiguration;
			buildSettings = {
				BUNDLE_LOADER = "$(TEST_HOST)";
				DEVELOPMENT_TEAM = T5EW9858SB;
				INFOPLIST_FILE = TestConstraintTests/Info.plist;
				LD_RUNPATH_SEARCH_PATHS = "$(inherited) @executable_path/Frameworks @loader_path/Frameworks";
				PRODUCT_BUNDLE_IDENTIFIER = tomfriwel.com.TestConstraintTests;
				PRODUCT_NAME = "$(TARGET_NAME)";
				TEST_HOST = "$(BUILT_PRODUCTS_DIR)/TestConstraint.app/TestConstraint";
			};
			name = Debug;
		};
		CF36B4571EB4587000E96A55 /* Release */ = {
			isa = XCBuildConfiguration;
			buildSettings = {
				BUNDLE_LOADER = "$(TEST_HOST)";
				DEVELOPMENT_TEAM = T5EW9858SB;
				INFOPLIST_FILE = TestConstraintTests/Info.plist;
				LD_RUNPATH_SEARCH_PATHS = "$(inherited) @executable_path/Frameworks @loader_path/Frameworks";
				PRODUCT_BUNDLE_IDENTIFIER = tomfriwel.com.TestConstraintTests;
				PRODUCT_NAME = "$(TARGET_NAME)";
				TEST_HOST = "$(BUILT_PRODUCTS_DIR)/TestConstraint.app/TestConstraint";
			};
			name = Release;
		};
		CF36B4591EB4587000E96A55 /* Debug */ = {
			isa = XCBuildConfiguration;
			buildSettings = {
				DEVELOPMENT_TEAM = T5EW9858SB;
				INFOPLIST_FILE = TestConstraintUITests/Info.plist;
				LD_RUNPATH_SEARCH_PATHS = "$(inherited) @executable_path/Frameworks @loader_path/Frameworks";
				PRODUCT_BUNDLE_IDENTIFIER = tomfriwel.com.TestConstraintUITests;
				PRODUCT_NAME = "$(TARGET_NAME)";
				TEST_TARGET_NAME = TestConstraint;
			};
			name = Debug;
		};
		CF36B45A1EB4587000E96A55 /* Release */ = {
			isa = XCBuildConfiguration;
			buildSettings = {
				DEVELOPMENT_TEAM = T5EW9858SB;
				INFOPLIST_FILE = TestConstraintUITests/Info.plist;
				LD_RUNPATH_SEARCH_PATHS = "$(inherited) @executable_path/Frameworks @loader_path/Frameworks";
				PRODUCT_BUNDLE_IDENTIFIER = tomfriwel.com.TestConstraintUITests;
				PRODUCT_NAME = "$(TARGET_NAME)";
				TEST_TARGET_NAME = TestConstraint;
			};
			name = Release;
		};
/* End XCBuildConfiguration section */

/* Begin XCConfigurationList section */
		CF36B4201EB4587000E96A55 /* Build configuration list for PBXProject "TestConstraint" */ = {
			isa = XCConfigurationList;
			buildConfigurations = (
				CF36B4501EB4587000E96A55 /* Debug */,
				CF36B4511EB4587000E96A55 /* Release */,
			);
			defaultConfigurationIsVisible = 0;
			defaultConfigurationName = Release;
		};
		CF36B4521EB4587000E96A55 /* Build configuration list for PBXNativeTarget "TestConstraint" */ = {
			isa = XCConfigurationList;
			buildConfigurations = (
				CF36B4531EB4587000E96A55 /* Debug */,
				CF36B4541EB4587000E96A55 /* Release */,
			);
			defaultConfigurationIsVisible = 0;
		};
		CF36B4551EB4587000E96A55 /* Build configuration list for PBXNativeTarget "TestConstraintTests" */ = {
			isa = XCConfigurationList;
			buildConfigurations = (
				CF36B4561EB4587000E96A55 /* Debug */,
				CF36B4571EB4587000E96A55 /* Release */,
			);
			defaultConfigurationIsVisible = 0;
		};
		CF36B4581EB4587000E96A55 /* Build configuration list for PBXNativeTarget "TestConstraintUITests" */ = {
			isa = XCConfigurationList;
			buildConfigurations = (
				CF36B4591EB4587000E96A55 /* Debug */,
				CF36B45A1EB4587000E96A55 /* Release */,
			);
			defaultConfigurationIsVisible = 0;
		};
/* End XCConfigurationList section */
	};
	rootObject = CF36B41D1EB4587000E96A55 /* Project object */;
}
